{
  "nodes": {
    "flake-utils": {
      "locked": {
        "lastModified": 1637014545,
        "narHash": "sha256-26IZAc5yzlD9FlDT54io1oqG/bBoyka+FJk5guaX4x4=",
        "owner": "numtide",
        "repo": "flake-utils",
        "rev": "bba5dcc8e0b20ab664967ad83d24d64cb64ec4f4",
        "type": "github"
      },
      "original": {
        "owner": "numtide",
        "repo": "flake-utils",
        "type": "github"
      }
    },
    "flake-utils_2": {
      "locked": {
        "lastModified": 1631561581,
        "narHash": "sha256-3VQMV5zvxaVLvqqUrNz3iJelLw30mIVSfZmAaauM3dA=",
        "owner": "numtide",
        "repo": "flake-utils",
        "rev": "7e5bf3925f6fbdfaf50a2a7ca0be2879c4261d19",
        "type": "github"
      },
      "original": {
        "owner": "numtide",
        "repo": "flake-utils",
        "type": "github"
      }
    },
    "flake-utils_3": {
      "locked": {
        "lastModified": 1629481132,
        "narHash": "sha256-JHgasjPR0/J1J3DRm4KxM4zTyAj4IOJY8vIl75v/kPI=",
        "owner": "numtide",
        "repo": "flake-utils",
        "rev": "997f7efcb746a9c140ce1f13c72263189225f482",
        "type": "github"
      },
      "original": {
        "owner": "numtide",
        "repo": "flake-utils",
        "type": "github"
      }
    },
    "nixpkgs": {
      "locked": {
        "lastModified": 1636650511,
        "narHash": "sha256-dZLCKpliQCl8xDFyQDXUD/EjOh3W3H5Jj1PZ3+INWaY=",
        "path": "/nix/store/cw6q9azdhkk4g8iw4ddz1c0xf0qfysad-source",
        "rev": "68a6a4e276e26019b090bb587a8d7b26c4f92532",
        "type": "path"
      },
      "original": {
        "id": "nixpkgs",
        "type": "indirect"
      }
    },
    "nixpkgs_2": {
      "locked": {
        "lastModified": 1633204467,
        "narHash": "sha256-wm8XlUZZrvBcnPjUZl4GsRHbuXuOs5WdPS+NkilmsYM=",
        "owner": "NixOS",
        "repo": "nixpkgs",
        "rev": "18e178040a8c3278da222ff9f8f15b9d44f0e569",
        "type": "github"
      },
      "original": {
        "id": "nixpkgs",
        "type": "indirect"
      }
    },
    "nixpkgs_3": {
      "locked": {
        "lastModified": 1631288242,
        "narHash": "sha256-sXm4KiKs7qSIf5oTAmrlsEvBW193sFj+tKYVirBaXz0=",
        "owner": "NixOS",
        "repo": "nixpkgs",
        "rev": "0e24c87754430cb6ad2f8c8c8021b29834a8845e",
        "type": "github"
      },
      "original": {
        "owner": "NixOS",
        "ref": "nixpkgs-unstable",
        "repo": "nixpkgs",
        "type": "github"
      }
    },
    "root": {
      "inputs": {
        "flake-utils": "flake-utils",
        "nixpkgs": "nixpkgs",
        "zig-nightly": "zig-nightly",
        "zig-overlay": "zig-overlay"
      }
    },
    "zig-nightly": {
      "inputs": {
        "flake-utils": "flake-utils_2",
        "nixpkgs": "nixpkgs_2"
      },
      "locked": {
        "lastModified": 1637107312,
        "narHash": "sha256-cPWqnIXhBaqxY+ZFnxVkhqTkUVR7cI8duwDRVU+SZGQ=",
        "owner": "chivay",
        "repo": "zig-nightly",
        "rev": "c2c5559cea594b00ea709a76d016cd4b283e1114",
        "type": "github"
      },
      "original": {
        "owner": "chivay",
        "repo": "zig-nightly",
        "type": "github"
      }
    },
    "zig-overlay": {
      "inputs": {
        "flake-utils": "flake-utils_3",
        "nixpkgs": "nixpkgs_3"
      },
      "locked": {
        "lastModified": 1637022734,
        "narHash": "sha256-0rVBx1zECNPaJoqPABYnT05CoPFmNZi6WVXyzTka9x8=",
        "owner": "arqv",
        "repo": "zig-overlay",
        "rev": "7fd4484bd1332cbc1388fda979e4f28b0b34083c",
        "type": "github"
      },
      "original": {
        "owner": "arqv",
        "repo": "zig-overlay",
        "type": "github"
      }
    }
  },
  "root": "root",
  "version": 7
}
